PODS:
  - FlutterMacOS (1.0.0)
  - rive_common (0.0.1):
    - FlutterMacOS

DEPENDENCIES:
  - FlutterMacOS (from `Flutter/ephemeral`)
  - rive_common (from `Flutter/ephemeral/.symlinks/plugins/rive_common/macos`)

EXTERNAL SOURCES:
  FlutterMacOS:
    :path: Flutter/ephemeral
  rive_common:
    :path: Flutter/ephemeral/.symlinks/plugins/rive_common/macos

SPEC CHECKSUMS:
  FlutterMacOS: 8f6f14fa908a6fb3fba0cd85dbd81ec4b251fb24
  rive_common: 90d667125afd74095b697cf7d2d2e9c50813ec8c

PODFILE CHECKSUM: 236401fc2c932af29a9fcf0e97baeeb2d750d367

COCOAPODS: 1.15.2
